
Microsoft Visual Studio Solution File, Format Version 12.00
# Visual Studio Version 16
VisualStudioVersion = 16.0.33529.622
MinimumVisualStudioVersion = 10.0.40219.1
Project("{2150E333-8FDC-42A3-9474-1A3956D46DE8}") = "Solution Items", "Solution Items", "{92FBC621-BD9B-4434-A71F-39114F02E047}"
	ProjectSection(SolutionItems) = preProject
		GlobalAssemblyInfo.cs = GlobalAssemblyInfo.cs
	EndProjectSection
EndProject
Project("{FAE04EC0-301F-11D3-BF4B-00C04F79EFBC}") = "GitNoob", "GitNoob\GitNoob.csproj", "{E23A258D-2925-4898-9768-9BF44CD7DBDF}"
EndProject
Project("{FAE04EC0-301F-11D3-BF4B-00C04F79EFBC}") = "GitNoob.Config", "GitNoob.Config\GitNoob.Config.csproj", "{1D7B577E-BDE4-4372-8E2D-D761F14EF782}"
EndProject
Project("{FAE04EC0-301F-11D3-BF4B-00C04F79EFBC}") = "GitNoob.Git", "GitNoob.Git\GitNoob.Git.csproj", "{613D99AB-9536-4E24-AD59-D52A3777A5F8}"
EndProject
Project("{FAE04EC0-301F-11D3-BF4B-00C04F79EFBC}") = "GitNoob.Gui.Forms", "GitNoob.Gui.Forms\GitNoob.Gui.Forms.csproj", "{480D06FC-41DE-43E5-BC52-73CA7151972A}"
EndProject
Project("{FAE04EC0-301F-11D3-BF4B-00C04F79EFBC}") = "GitNoob.Gui.Program", "GitNoob.Gui.Program\GitNoob.Gui.Program.csproj", "{D339B8B8-C757-4A26-B97C-5830BAFE1F00}"
EndProject
Project("{FAE04EC0-301F-11D3-BF4B-00C04F79EFBC}") = "GitNoob.ProjectTypes", "GitNoob.ProjectTypes\GitNoob.ProjectTypes.csproj", "{6616FB99-930A-4AC8-97CA-F57BBBDF0A59}"
EndProject
Project("{FAE04EC0-301F-11D3-BF4B-00C04F79EFBC}") = "GitNoobUpdater", "GitNoobUpdater\GitNoobUpdater.csproj", "{25F62139-AB69-44DE-AA76-EA8F70D0D602}"
EndProject
Project("{FAE04EC0-301F-11D3-BF4B-00C04F79EFBC}") = "GitNoob.Gui.Visualizer", "GitNoob.Gui.Visualizer\GitNoob.Gui.Visualizer.csproj", "{EEC3D427-054B-4AC1-B8C3-A4C5C7D3C17F}"
EndProject
Project("{FAE04EC0-301F-11D3-BF4B-00C04F79EFBC}") = "GitNoob.Utils", "GitNoob.Utils\GitNoob.Utils.csproj", "{576ABBF4-C55F-439E-BE63-33B60CEB4B43}"
EndProject
Project("{FAE04EC0-301F-11D3-BF4B-00C04F79EFBC}") = "GitNoob.GitResult", "GitNoob.GitResult\GitNoob.GitResult.csproj", "{4C3E3292-2C57-4932-AA3D-50558D9DD785}"
EndProject
Global
	GlobalSection(SolutionConfigurationPlatforms) = preSolution
		Debug|Any CPU = Debug|Any CPU
		Release|Any CPU = Release|Any CPU
	EndGlobalSection
	GlobalSection(ProjectConfigurationPlatforms) = postSolution
		{E23A258D-2925-4898-9768-9BF44CD7DBDF}.Debug|Any CPU.ActiveCfg = Debug|Any CPU
		{E23A258D-2925-4898-9768-9BF44CD7DBDF}.Debug|Any CPU.Build.0 = Debug|Any CPU
		{E23A258D-2925-4898-9768-9BF44CD7DBDF}.Release|Any CPU.ActiveCfg = Release|Any CPU
		{E23A258D-2925-4898-9768-9BF44CD7DBDF}.Release|Any CPU.Build.0 = Release|Any CPU
		{1D7B577E-BDE4-4372-8E2D-D761F14EF782}.Debug|Any CPU.ActiveCfg = Debug|Any CPU
		{1D7B577E-BDE4-4372-8E2D-D761F14EF782}.Debug|Any CPU.Build.0 = Debug|Any CPU
		{1D7B577E-BDE4-4372-8E2D-D761F14EF782}.Release|Any CPU.ActiveCfg = Release|Any CPU
		{1D7B577E-BDE4-4372-8E2D-D761F14EF782}.Release|Any CPU.Build.0 = Release|Any CPU
		{613D99AB-9536-4E24-AD59-D52A3777A5F8}.Debug|Any CPU.ActiveCfg = Debug|Any CPU
		{613D99AB-9536-4E24-AD59-D52A3777A5F8}.Debug|Any CPU.Build.0 = Debug|Any CPU
		{613D99AB-9536-4E24-AD59-D52A3777A5F8}.Release|Any CPU.ActiveCfg = Release|Any CPU
		{613D99AB-9536-4E24-AD59-D52A3777A5F8}.Release|Any CPU.Build.0 = Release|Any CPU
		{480D06FC-41DE-43E5-BC52-73CA7151972A}.Debug|Any CPU.ActiveCfg = Debug|Any CPU
		{480D06FC-41DE-43E5-BC52-73CA7151972A}.Debug|Any CPU.Build.0 = Debug|Any CPU
		{480D06FC-41DE-43E5-BC52-73CA7151972A}.Release|Any CPU.ActiveCfg = Release|Any CPU
		{480D06FC-41DE-43E5-BC52-73CA7151972A}.Release|Any CPU.Build.0 = Release|Any CPU
		{D339B8B8-C757-4A26-B97C-5830BAFE1F00}.Debug|Any CPU.ActiveCfg = Debug|Any CPU
		{D339B8B8-C757-4A26-B97C-5830BAFE1F00}.Debug|Any CPU.Build.0 = Debug|Any CPU
		{D339B8B8-C757-4A26-B97C-5830BAFE1F00}.Release|Any CPU.ActiveCfg = Release|Any CPU
		{D339B8B8-C757-4A26-B97C-5830BAFE1F00}.Release|Any CPU.Build.0 = Release|Any CPU
		{6616FB99-930A-4AC8-97CA-F57BBBDF0A59}.Debug|Any CPU.ActiveCfg = Debug|Any CPU
		{6616FB99-930A-4AC8-97CA-F57BBBDF0A59}.Debug|Any CPU.Build.0 = Debug|Any CPU
		{6616FB99-930A-4AC8-97CA-F57BBBDF0A59}.Release|Any CPU.ActiveCfg = Release|Any CPU
		{6616FB99-930A-4AC8-97CA-F57BBBDF0A59}.Release|Any CPU.Build.0 = Release|Any CPU
		{25F62139-AB69-44DE-AA76-EA8F70D0D602}.Debug|Any CPU.ActiveCfg = Debug|Any CPU
		{25F62139-AB69-44DE-AA76-EA8F70D0D602}.Debug|Any CPU.Build.0 = Debug|Any CPU
		{25F62139-AB69-44DE-AA76-EA8F70D0D602}.Release|Any CPU.ActiveCfg = Release|Any CPU
		{25F62139-AB69-44DE-AA76-EA8F70D0D602}.Release|Any CPU.Build.0 = Release|Any CPU
		{EEC3D427-054B-4AC1-B8C3-A4C5C7D3C17F}.Debug|Any CPU.ActiveCfg = Debug|Any CPU
		{EEC3D427-054B-4AC1-B8C3-A4C5C7D3C17F}.Debug|Any CPU.Build.0 = Debug|Any CPU
		{EEC3D427-054B-4AC1-B8C3-A4C5C7D3C17F}.Release|Any CPU.ActiveCfg = Release|Any CPU
		{EEC3D427-054B-4AC1-B8C3-A4C5C7D3C17F}.Release|Any CPU.Build.0 = Release|Any CPU
		{576ABBF4-C55F-439E-BE63-33B60CEB4B43}.Debug|Any CPU.ActiveCfg = Debug|Any CPU
		{576ABBF4-C55F-439E-BE63-33B60CEB4B43}.Debug|Any CPU.Build.0 = Debug|Any CPU
		{576ABBF4-C55F-439E-BE63-33B60CEB4B43}.Release|Any CPU.ActiveCfg = Release|Any CPU
		{576ABBF4-C55F-439E-BE63-33B60CEB4B43}.Release|Any CPU.Build.0 = Release|Any CPU
		{4C3E3292-2C57-4932-AA3D-50558D9DD785}.Debug|Any CPU.ActiveCfg = Debug|Any CPU
		{4C3E3292-2C57-4932-AA3D-50558D9DD785}.Debug|Any CPU.Build.0 = Debug|Any CPU
		{4C3E3292-2C57-4932-AA3D-50558D9DD785}.Release|Any CPU.ActiveCfg = Release|Any CPU
		{4C3E3292-2C57-4932-AA3D-50558D9DD785}.Release|Any CPU.Build.0 = Release|Any CPU
	EndGlobalSection
	GlobalSection(SolutionProperties) = preSolution
		HideSolutionNode = FALSE
	EndGlobalSection
	GlobalSection(ExtensibilityGlobals) = postSolution
		SolutionGuid = {5A5C5C6B-56C8-4F4D-AC11-5E8B39EEDD92}
	EndGlobalSection
EndGlobal
